
Microsoft Visual Studio Solution File, Format Version 12.00
# Visual Studio Version 17
VisualStudioVersion = 17.4.33122.133
MinimumVisualStudioVersion = 10.0.40219.1
Project("{FAE04EC0-301F-11D3-BF4B-00C04F79EFBC}") = "Dz seminar 3", "Dz seminar 3\Dz seminar 3.csproj", "{F1FC857C-4F1C-422C-B121-2B7082565996}"
EndProject
Project("{FAE04EC0-301F-11D3-BF4B-00C04F79EFBC}") = "dz 21", "dz 21\dz 21.csproj", "{D813CAC6-84AA-4848-9E1B-334A36B03AC6}"
EndProject
Project("{FAE04EC0-301F-11D3-BF4B-00C04F79EFBC}") = "dz 23", "dz 23\dz 23.csproj", "{77360C34-40DE-4D4A-92DF-397921BDF559}"
EndProject
Global
	GlobalSection(SolutionConfigurationPlatforms) = preSolution
		Debug|Any CPU = Debug|Any CPU
		Release|Any CPU = Release|Any CPU
	EndGlobalSection
	GlobalSection(ProjectConfigurationPlatforms) = postSolution
		{F1FC857C-4F1C-422C-B121-2B7082565996}.Debug|Any CPU.ActiveCfg = Debug|Any CPU
		{F1FC857C-4F1C-422C-B121-2B7082565996}.Debug|Any CPU.Build.0 = Debug|Any CPU
		{F1FC857C-4F1C-422C-B121-2B7082565996}.Release|Any CPU.ActiveCfg = Release|Any CPU
		{F1FC857C-4F1C-422C-B121-2B7082565996}.Release|Any CPU.Build.0 = Release|Any CPU
		{D813CAC6-84AA-4848-9E1B-334A36B03AC6}.Debug|Any CPU.ActiveCfg = Debug|Any CPU
		{D813CAC6-84AA-4848-9E1B-334A36B03AC6}.Debug|Any CPU.Build.0 = Debug|Any CPU
		{D813CAC6-84AA-4848-9E1B-334A36B03AC6}.Release|Any CPU.ActiveCfg = Release|Any CPU
		{D813CAC6-84AA-4848-9E1B-334A36B03AC6}.Release|Any CPU.Build.0 = Release|Any CPU
		{77360C34-40DE-4D4A-92DF-397921BDF559}.Debug|Any CPU.ActiveCfg = Debug|Any CPU
		{77360C34-40DE-4D4A-92DF-397921BDF559}.Debug|Any CPU.Build.0 = Debug|Any CPU
		{77360C34-40DE-4D4A-92DF-397921BDF559}.Release|Any CPU.ActiveCfg = Release|Any CPU
		{77360C34-40DE-4D4A-92DF-397921BDF559}.Release|Any CPU.Build.0 = Release|Any CPU
	EndGlobalSection
	GlobalSection(SolutionProperties) = preSolution
		HideSolutionNode = FALSE
	EndGlobalSection
	GlobalSection(ExtensibilityGlobals) = postSolution
		SolutionGuid = {FE10C834-6159-44DF-A2EB-FB13268CCDD1}
	EndGlobalSection
EndGlobal
